// !$*UTF8*$!
{
	archiveVersion = 1;
	classes = {
	};
	objectVersion = 46;
	objects = {

/* Begin PBXBuildFile section */
		42B2CC6F16D12AFE000150CB /* UIKit.framework in Frameworks */ = {isa = PBXBuildFile; fileRef = 42B2CC6E16D12AFE000150CB /* UIKit.framework */; };
		42B2CC7116D12AFE000150CB /* Foundation.framework in Frameworks */ = {isa = PBXBuildFile; fileRef = 42B2CC7016D12AFE000150CB /* Foundation.framework */; };
		42B2CC7316D12AFE000150CB /* CoreGraphics.framework in Frameworks */ = {isa = PBXBuildFile; fileRef = 42B2CC7216D12AFE000150CB /* CoreGraphics.framework */; };
		42B2CC7916D12AFE000150CB /* InfoPlist.strings in Resources */ = {isa = PBXBuildFile; fileRef = 42B2CC7716D12AFE000150CB /* InfoPlist.strings */; };
		42B2CC7B16D12AFE000150CB /* main.m in Sources */ = {isa = PBXBuildFile; fileRef = 42B2CC7A16D12AFE000150CB /* main.m */; };
		42B2CC8116D12AFE000150CB /* Default.png in Resources */ = {isa = PBXBuildFile; fileRef = 42B2CC8016D12AFE000150CB /* Default.png */; };
		42B2CC8316D12AFE000150CB /* Default@2x.png in Resources */ = {isa = PBXBuildFile; fileRef = 42B2CC8216D12AFE000150CB /* Default@2x.png */; };
		42B2CC8516D12AFE000150CB /* Default-568h@2x.png in Resources */ = {isa = PBXBuildFile; fileRef = 42B2CC8416D12AFE000150CB /* Default-568h@2x.png */; };
		42B2CC8B16D12AFE000150CB /* ViewController.xib in Resources */ = {isa = PBXBuildFile; fileRef = 42B2CC8916D12AFE000150CB /* ViewController.xib */; };
		42B2CC9316D12AFE000150CB /* SenTestingKit.framework in Frameworks */ = {isa = PBXBuildFile; fileRef = 42B2CC9216D12AFE000150CB /* SenTestingKit.framework */; };
		42B2CC9416D12AFE000150CB /* UIKit.framework in Frameworks */ = {isa = PBXBuildFile; fileRef = 42B2CC6E16D12AFE000150CB /* UIKit.framework */; };
		42B2CC9516D12AFE000150CB /* Foundation.framework in Frameworks */ = {isa = PBXBuildFile; fileRef = 42B2CC7016D12AFE000150CB /* Foundation.framework */; };
		42B2CC9D16D12AFE000150CB /* InfoPlist.strings in Resources */ = {isa = PBXBuildFile; fileRef = 42B2CC9B16D12AFE000150CB /* InfoPlist.strings */; };
		42B2CCA016D12AFE000150CB /* ArecaTests.m in Sources */ = {isa = PBXBuildFile; fileRef = 42B2CC9F16D12AFE000150CB /* ArecaTests.m */; };
		42B2CCB016D12BCB000150CB /* AppDelegate.m in Sources */ = {isa = PBXBuildFile; fileRef = 42B2CCAD16D12BCB000150CB /* AppDelegate.m */; };
		42B2CCB116D12BCB000150CB /* ViewController.m in Sources */ = {isa = PBXBuildFile; fileRef = 42B2CCAF16D12BCB000150CB /* ViewController.m */; };
		42B2CCB716D12CF8000150CB /* AppConfiguration.m in Sources */ = {isa = PBXBuildFile; fileRef = 42B2CCB616D12CF8000150CB /* AppConfiguration.m */; };
		42B2CCBA16D12D4B000150CB /* ArecaDataModel.xcdatamodeld in Sources */ = {isa = PBXBuildFile; fileRef = 42B2CCB816D12D4B000150CB /* ArecaDataModel.xcdatamodeld */; };
		42B2CD4516D31023000150CB /* RootViewController.m in Sources */ = {isa = PBXBuildFile; fileRef = 42B2CD4416D31023000150CB /* RootViewController.m */; };
		42B2CD4816D31060000150CB /* MWDropdownViewController.m in Sources */ = {isa = PBXBuildFile; fileRef = 42B2CD4716D3105F000150CB /* MWDropdownViewController.m */; };
		42B2CD4B16D31093000150CB /* MWMenuViewController.m in Sources */ = {isa = PBXBuildFile; fileRef = 42B2CD4A16D31093000150CB /* MWMenuViewController.m */; };
		42B2CD4E16D316DD000150CB /* MWMenuCell.m in Sources */ = {isa = PBXBuildFile; fileRef = 42B2CD4D16D316DD000150CB /* MWMenuCell.m */; };
		42B2CD5016D32397000150CB /* user.png in Resources */ = {isa = PBXBuildFile; fileRef = 42B2CD4F16D32397000150CB /* user.png */; };
		42B2CD5216D34C4B000150CB /* rootViewController.xib in Resources */ = {isa = PBXBuildFile; fileRef = 42B2CD5116D34C4B000150CB /* rootViewController.xib */; };
		42B2CD5516D356B4000150CB /* CaptureViewController.m in Sources */ = {isa = PBXBuildFile; fileRef = 42B2CD5416D356B4000150CB /* CaptureViewController.m */; };
		42B2CD5716D356CA000150CB /* captureView.xib in Resources */ = {isa = PBXBuildFile; fileRef = 42B2CD5616D356CA000150CB /* captureView.xib */; };
		42B2CD5916D3621E000150CB /* AVFoundation.framework in Frameworks */ = {isa = PBXBuildFile; fileRef = 42B2CD5816D3621E000150CB /* AVFoundation.framework */; };
		42B2CD6116D36264000150CB /* Accelerate.framework in Frameworks */ = {isa = PBXBuildFile; fileRef = 42B2CD5A16D36264000150CB /* Accelerate.framework */; };
		42B2CD6216D36264000150CB /* AudioToolbox.framework in Frameworks */ = {isa = PBXBuildFile; fileRef = 42B2CD5B16D36264000150CB /* AudioToolbox.framework */; };
		42B2CD6316D36264000150CB /* CoreAudio.framework in Frameworks */ = {isa = PBXBuildFile; fileRef = 42B2CD5C16D36264000150CB /* CoreAudio.framework */; };
		42B2CD6416D36264000150CB /* CoreFoundation.framework in Frameworks */ = {isa = PBXBuildFile; fileRef = 42B2CD5D16D36264000150CB /* CoreFoundation.framework */; };
		42B2CD6516D36264000150CB /* CoreImage.framework in Frameworks */ = {isa = PBXBuildFile; fileRef = 42B2CD5E16D36264000150CB /* CoreImage.framework */; };
		42B2CD6616D36264000150CB /* CoreMedia.framework in Frameworks */ = {isa = PBXBuildFile; fileRef = 42B2CD5F16D36264000150CB /* CoreMedia.framework */; };
		42B2CD6716D36264000150CB /* CoreVideo.framework in Frameworks */ = {isa = PBXBuildFile; fileRef = 42B2CD6016D36264000150CB /* CoreVideo.framework */; };
		42B2CD6B16D37DD6000150CB /* Utils.m in Sources */ = {isa = PBXBuildFile; fileRef = 42B2CD6A16D37DD6000150CB /* Utils.m */; };
		42B2CD6D16D3A249000150CB /* MediaPlayer.framework in Frameworks */ = {isa = PBXBuildFile; fileRef = 42B2CD6C16D3A249000150CB /* MediaPlayer.framework */; };
/* End PBXBuildFile section */

/* Begin PBXContainerItemProxy section */
		42B2CC9616D12AFE000150CB /* PBXContainerItemProxy */ = {
			isa = PBXContainerItemProxy;
			containerPortal = 42B2CC6316D12AFE000150CB /* Project object */;
			proxyType = 1;
			remoteGlobalIDString = 42B2CC6A16D12AFE000150CB;
			remoteInfo = Areca;
		};
/* End PBXContainerItemProxy section */

/* Begin PBXFileReference section */
		42B2CC6B16D12AFE000150CB /* Areca.app */ = {isa = PBXFileReference; explicitFileType = wrapper.application; includeInIndex = 0; path = Areca.app; sourceTree = BUILT_PRODUCTS_DIR; };
		42B2CC6E16D12AFE000150CB /* UIKit.framework */ = {isa = PBXFileReference; lastKnownFileType = wrapper.framework; name = UIKit.framework; path = System/Library/Frameworks/UIKit.framework; sourceTree = SDKROOT; };
		42B2CC7016D12AFE000150CB /* Foundation.framework */ = {isa = PBXFileReference; lastKnownFileType = wrapper.framework; name = Foundation.framework; path = System/Library/Frameworks/Foundation.framework; sourceTree = SDKROOT; };
		42B2CC7216D12AFE000150CB /* CoreGraphics.framework */ = {isa = PBXFileReference; lastKnownFileType = wrapper.framework; name = CoreGraphics.framework; path = System/Library/Frameworks/CoreGraphics.framework; sourceTree = SDKROOT; };
		42B2CC7616D12AFE000150CB /* Areca-Info.plist */ = {isa = PBXFileReference; lastKnownFileType = text.plist.xml; path = "Areca-Info.plist"; sourceTree = "<group>"; };
		42B2CC7816D12AFE000150CB /* en */ = {isa = PBXFileReference; lastKnownFileType = text.plist.strings; name = en; path = en.lproj/InfoPlist.strings; sourceTree = "<group>"; };
		42B2CC7A16D12AFE000150CB /* main.m */ = {isa = PBXFileReference; lastKnownFileType = sourcecode.c.objc; path = main.m; sourceTree = "<group>"; };
		42B2CC7C16D12AFE000150CB /* Areca-Prefix.pch */ = {isa = PBXFileReference; lastKnownFileType = sourcecode.c.h; path = "Areca-Prefix.pch"; sourceTree = "<group>"; };
		42B2CC8016D12AFE000150CB /* Default.png */ = {isa = PBXFileReference; lastKnownFileType = image.png; path = Default.png; sourceTree = "<group>"; };
		42B2CC8216D12AFE000150CB /* Default@2x.png */ = {isa = PBXFileReference; lastKnownFileType = image.png; path = "Default@2x.png"; sourceTree = "<group>"; };
		42B2CC8416D12AFE000150CB /* Default-568h@2x.png */ = {isa = PBXFileReference; lastKnownFileType = image.png; path = "Default-568h@2x.png"; sourceTree = "<group>"; };
		42B2CC8A16D12AFE000150CB /* en */ = {isa = PBXFileReference; lastKnownFileType = file.xib; name = en; path = en.lproj/ViewController.xib; sourceTree = "<group>"; };
		42B2CC9116D12AFE000150CB /* ArecaTests.octest */ = {isa = PBXFileReference; explicitFileType = wrapper.cfbundle; includeInIndex = 0; path = ArecaTests.octest; sourceTree = BUILT_PRODUCTS_DIR; };
		42B2CC9216D12AFE000150CB /* SenTestingKit.framework */ = {isa = PBXFileReference; lastKnownFileType = wrapper.framework; name = SenTestingKit.framework; path = Library/Frameworks/SenTestingKit.framework; sourceTree = DEVELOPER_DIR; };
		42B2CC9A16D12AFE000150CB /* ArecaTests-Info.plist */ = {isa = PBXFileReference; lastKnownFileType = text.plist.xml; path = "ArecaTests-Info.plist"; sourceTree = "<group>"; };
		42B2CC9C16D12AFE000150CB /* en */ = {isa = PBXFileReference; lastKnownFileType = text.plist.strings; name = en; path = en.lproj/InfoPlist.strings; sourceTree = "<group>"; };
		42B2CC9E16D12AFE000150CB /* ArecaTests.h */ = {isa = PBXFileReference; lastKnownFileType = sourcecode.c.h; path = ArecaTests.h; sourceTree = "<group>"; };
		42B2CC9F16D12AFE000150CB /* ArecaTests.m */ = {isa = PBXFileReference; lastKnownFileType = sourcecode.c.objc; path = ArecaTests.m; sourceTree = "<group>"; };
		42B2CCAC16D12BCB000150CB /* AppDelegate.h */ = {isa = PBXFileReference; fileEncoding = 4; lastKnownFileType = sourcecode.c.h; path = AppDelegate.h; sourceTree = "<group>"; };
		42B2CCAD16D12BCB000150CB /* AppDelegate.m */ = {isa = PBXFileReference; fileEncoding = 4; lastKnownFileType = sourcecode.c.objc; path = AppDelegate.m; sourceTree = "<group>"; };
		42B2CCAE16D12BCB000150CB /* ViewController.h */ = {isa = PBXFileReference; fileEncoding = 4; lastKnownFileType = sourcecode.c.h; path = ViewController.h; sourceTree = "<group>"; };
		42B2CCAF16D12BCB000150CB /* ViewController.m */ = {isa = PBXFileReference; fileEncoding = 4; lastKnownFileType = sourcecode.c.objc; path = ViewController.m; sourceTree = "<group>"; };
		42B2CCB516D12CF8000150CB /* AppConfiguration.h */ = {isa = PBXFileReference; fileEncoding = 4; lastKnownFileType = sourcecode.c.h; path = AppConfiguration.h; sourceTree = "<group>"; };
		42B2CCB616D12CF8000150CB /* AppConfiguration.m */ = {isa = PBXFileReference; fileEncoding = 4; lastKnownFileType = sourcecode.c.objc; path = AppConfiguration.m; sourceTree = "<group>"; };
		42B2CCB916D12D4B000150CB /* ArecaDataModel.xcdatamodel */ = {isa = PBXFileReference; lastKnownFileType = wrapper.xcdatamodel; path = ArecaDataModel.xcdatamodel; sourceTree = "<group>"; };
		42B2CD4316D31023000150CB /* RootViewController.h */ = {isa = PBXFileReference; fileEncoding = 4; lastKnownFileType = sourcecode.c.h; path = RootViewController.h; sourceTree = "<group>"; };
		42B2CD4416D31023000150CB /* RootViewController.m */ = {isa = PBXFileReference; fileEncoding = 4; lastKnownFileType = sourcecode.c.objc; path = RootViewController.m; sourceTree = "<group>"; };
		42B2CD4616D3105F000150CB /* MWDropdownViewController.h */ = {isa = PBXFileReference; fileEncoding = 4; lastKnownFileType = sourcecode.c.h; path = MWDropdownViewController.h; sourceTree = "<group>"; };
		42B2CD4716D3105F000150CB /* MWDropdownViewController.m */ = {isa = PBXFileReference; fileEncoding = 4; lastKnownFileType = sourcecode.c.objc; path = MWDropdownViewController.m; sourceTree = "<group>"; };
		42B2CD4916D31093000150CB /* MWMenuViewController.h */ = {isa = PBXFileReference; fileEncoding = 4; lastKnownFileType = sourcecode.c.h; path = MWMenuViewController.h; sourceTree = "<group>"; };
		42B2CD4A16D31093000150CB /* MWMenuViewController.m */ = {isa = PBXFileReference; fileEncoding = 4; lastKnownFileType = sourcecode.c.objc; path = MWMenuViewController.m; sourceTree = "<group>"; };
		42B2CD4C16D316DD000150CB /* MWMenuCell.h */ = {isa = PBXFileReference; fileEncoding = 4; lastKnownFileType = sourcecode.c.h; path = MWMenuCell.h; sourceTree = "<group>"; };
		42B2CD4D16D316DD000150CB /* MWMenuCell.m */ = {isa = PBXFileReference; fileEncoding = 4; lastKnownFileType = sourcecode.c.objc; path = MWMenuCell.m; sourceTree = "<group>"; };
		42B2CD4F16D32397000150CB /* user.png */ = {isa = PBXFileReference; lastKnownFileType = image.png; path = user.png; sourceTree = "<group>"; };
		42B2CD5116D34C4B000150CB /* rootViewController.xib */ = {isa = PBXFileReference; fileEncoding = 4; lastKnownFileType = file.xib; path = rootViewController.xib; sourceTree = "<group>"; };
		42B2CD5316D356B4000150CB /* CaptureViewController.h */ = {isa = PBXFileReference; fileEncoding = 4; lastKnownFileType = sourcecode.c.h; path = CaptureViewController.h; sourceTree = "<group>"; };
		42B2CD5416D356B4000150CB /* CaptureViewController.m */ = {isa = PBXFileReference; fileEncoding = 4; lastKnownFileType = sourcecode.c.objc; path = CaptureViewController.m; sourceTree = "<group>"; };
		42B2CD5616D356CA000150CB /* captureView.xib */ = {isa = PBXFileReference; fileEncoding = 4; lastKnownFileType = file.xib; path = captureView.xib; sourceTree = "<group>"; };
		42B2CD5816D3621E000150CB /* AVFoundation.framework */ = {isa = PBXFileReference; lastKnownFileType = wrapper.framework; name = AVFoundation.framework; path = System/Library/Frameworks/AVFoundation.framework; sourceTree = SDKROOT; };
		42B2CD5A16D36264000150CB /* Accelerate.framework */ = {isa = PBXFileReference; lastKnownFileType = wrapper.framework; name = Accelerate.framework; path = System/Library/Frameworks/Accelerate.framework; sourceTree = SDKROOT; };
		42B2CD5B16D36264000150CB /* AudioToolbox.framework */ = {isa = PBXFileReference; lastKnownFileType = wrapper.framework; name = AudioToolbox.framework; path = System/Library/Frameworks/AudioToolbox.framework; sourceTree = SDKROOT; };
		42B2CD5C16D36264000150CB /* CoreAudio.framework */ = {isa = PBXFileReference; lastKnownFileType = wrapper.framework; name = CoreAudio.framework; path = System/Library/Frameworks/CoreAudio.framework; sourceTree = SDKROOT; };
		42B2CD5D16D36264000150CB /* CoreFoundation.framework */ = {isa = PBXFileReference; lastKnownFileType = wrapper.framework; name = CoreFoundation.framework; path = System/Library/Frameworks/CoreFoundation.framework; sourceTree = SDKROOT; };
		42B2CD5E16D36264000150CB /* CoreImage.framework */ = {isa = PBXFileReference; lastKnownFileType = wrapper.framework; name = CoreImage.framework; path = System/Library/Frameworks/CoreImage.framework; sourceTree = SDKROOT; };
		42B2CD5F16D36264000150CB /* CoreMedia.framework */ = {isa = PBXFileReference; lastKnownFileType = wrapper.framework; name = CoreMedia.framework; path = System/Library/Frameworks/CoreMedia.framework; sourceTree = SDKROOT; };
		42B2CD6016D36264000150CB /* CoreVideo.framework */ = {isa = PBXFileReference; lastKnownFileType = wrapper.framework; name = CoreVideo.framework; path = System/Library/Frameworks/CoreVideo.framework; sourceTree = SDKROOT; };
		42B2CD6916D37DD6000150CB /* Utils.h */ = {isa = PBXFileReference; fileEncoding = 4; lastKnownFileType = sourcecode.c.h; path = Utils.h; sourceTree = "<group>"; };
		42B2CD6A16D37DD6000150CB /* Utils.m */ = {isa = PBXFileReference; fileEncoding = 4; lastKnownFileType = sourcecode.c.objc; path = Utils.m; sourceTree = "<group>"; };
		42B2CD6C16D3A249000150CB /* MediaPlayer.framework */ = {isa = PBXFileReference; lastKnownFileType = wrapper.framework; name = MediaPlayer.framework; path = System/Library/Frameworks/MediaPlayer.framework; sourceTree = SDKROOT; };
/* End PBXFileReference section */

/* Begin PBXFrameworksBuildPhase section */
		42B2CC6816D12AFE000150CB /* Frameworks */ = {
			isa = PBXFrameworksBuildPhase;
			buildActionMask = 2147483647;
			files = (
				42B2CD6D16D3A249000150CB /* MediaPlayer.framework in Frameworks */,
				42B2CD6116D36264000150CB /* Accelerate.framework in Frameworks */,
				42B2CD6216D36264000150CB /* AudioToolbox.framework in Frameworks */,
				42B2CD6316D36264000150CB /* CoreAudio.framework in Frameworks */,
				42B2CD6416D36264000150CB /* CoreFoundation.framework in Frameworks */,
				42B2CD6516D36264000150CB /* CoreImage.framework in Frameworks */,
				42B2CD6616D36264000150CB /* CoreMedia.framework in Frameworks */,
				42B2CD6716D36264000150CB /* CoreVideo.framework in Frameworks */,
				42B2CC7316D12AFE000150CB /* CoreGraphics.framework in Frameworks */,
				42B2CD5916D3621E000150CB /* AVFoundation.framework in Frameworks */,
				42B2CC6F16D12AFE000150CB /* UIKit.framework in Frameworks */,
				42B2CC7116D12AFE000150CB /* Foundation.framework in Frameworks */,
			);
			runOnlyForDeploymentPostprocessing = 0;
		};
		42B2CC8D16D12AFE000150CB /* Frameworks */ = {
			isa = PBXFrameworksBuildPhase;
			buildActionMask = 2147483647;
			files = (
				42B2CC9316D12AFE000150CB /* SenTestingKit.framework in Frameworks */,
				42B2CC9416D12AFE000150CB /* UIKit.framework in Frameworks */,
				42B2CC9516D12AFE000150CB /* Foundation.framework in Frameworks */,
			);
			runOnlyForDeploymentPostprocessing = 0;
		};
/* End PBXFrameworksBuildPhase section */

/* Begin PBXGroup section */
		42B2CC6216D12AFE000150CB = {
			isa = PBXGroup;
			children = (
				42B2CD6C16D3A249000150CB /* MediaPlayer.framework */,
				42B2CD5A16D36264000150CB /* Accelerate.framework */,
				42B2CD5B16D36264000150CB /* AudioToolbox.framework */,
				42B2CD5C16D36264000150CB /* CoreAudio.framework */,
				42B2CD5D16D36264000150CB /* CoreFoundation.framework */,
				42B2CD5E16D36264000150CB /* CoreImage.framework */,
				42B2CD5F16D36264000150CB /* CoreMedia.framework */,
				42B2CD6016D36264000150CB /* CoreVideo.framework */,
				42B2CD5816D3621E000150CB /* AVFoundation.framework */,
				42B2CCB216D12C03000150CB /* third-parties */,
				42B2CC7416D12AFE000150CB /* Areca */,
				42B2CC9816D12AFE000150CB /* ArecaTests */,
				42B2CC6D16D12AFE000150CB /* Frameworks */,
				42B2CC6C16D12AFE000150CB /* Products */,
			);
			sourceTree = "<group>";
		};
		42B2CC6C16D12AFE000150CB /* Products */ = {
			isa = PBXGroup;
			children = (
				42B2CC6B16D12AFE000150CB /* Areca.app */,
				42B2CC9116D12AFE000150CB /* ArecaTests.octest */,
			);
			name = Products;
			sourceTree = "<group>";
		};
		42B2CC6D16D12AFE000150CB /* Frameworks */ = {
			isa = PBXGroup;
			children = (
				42B2CC6E16D12AFE000150CB /* UIKit.framework */,
				42B2CC7016D12AFE000150CB /* Foundation.framework */,
				42B2CC7216D12AFE000150CB /* CoreGraphics.framework */,
				42B2CC9216D12AFE000150CB /* SenTestingKit.framework */,
			);
			name = Frameworks;
			sourceTree = "<group>";
		};
		42B2CC7416D12AFE000150CB /* Areca */ = {
			isa = PBXGroup;
			children = (
				42B2CCB816D12D4B000150CB /* ArecaDataModel.xcdatamodeld */,
				42B2CCA916D12B75000150CB /* resources */,
				42B2CCAA16D12B75000150CB /* src */,
				42B2CCAB16D12B75000150CB /* views */,
				42B2CC7516D12AFE000150CB /* Supporting Files */,
			);
			path = Areca;
			sourceTree = "<group>";
		};
		42B2CC7516D12AFE000150CB /* Supporting Files */ = {
			isa = PBXGroup;
			children = (
				42B2CC7616D12AFE000150CB /* Areca-Info.plist */,
				42B2CC7716D12AFE000150CB /* InfoPlist.strings */,
				42B2CC7A16D12AFE000150CB /* main.m */,
				42B2CC7C16D12AFE000150CB /* Areca-Prefix.pch */,
				42B2CC8016D12AFE000150CB /* Default.png */,
				42B2CC8216D12AFE000150CB /* Default@2x.png */,
				42B2CC8416D12AFE000150CB /* Default-568h@2x.png */,
			);
			name = "Supporting Files";
			sourceTree = "<group>";
		};
		42B2CC9816D12AFE000150CB /* ArecaTests */ = {
			isa = PBXGroup;
			children = (
				42B2CC9E16D12AFE000150CB /* ArecaTests.h */,
				42B2CC9F16D12AFE000150CB /* ArecaTests.m */,
				42B2CC9916D12AFE000150CB /* Supporting Files */,
			);
			path = ArecaTests;
			sourceTree = "<group>";
		};
		42B2CC9916D12AFE000150CB /* Supporting Files */ = {
			isa = PBXGroup;
			children = (
				42B2CC9A16D12AFE000150CB /* ArecaTests-Info.plist */,
				42B2CC9B16D12AFE000150CB /* InfoPlist.strings */,
			);
			name = "Supporting Files";
			sourceTree = "<group>";
		};
		42B2CCA916D12B75000150CB /* resources */ = {
			isa = PBXGroup;
			children = (
				42B2CD4F16D32397000150CB /* user.png */,
			);
			path = resources;
			sourceTree = "<group>";
		};
		42B2CCAA16D12B75000150CB /* src */ = {
			isa = PBXGroup;
			children = (
				42B2CCBB16D12DCE000150CB /* dataModel */,
				42B2CCBC16D12DCE000150CB /* utils */,
				42B2CCAC16D12BCB000150CB /* AppDelegate.h */,
				42B2CCAD16D12BCB000150CB /* AppDelegate.m */,
				42B2CCAE16D12BCB000150CB /* ViewController.h */,
				42B2CCAF16D12BCB000150CB /* ViewController.m */,
				42B2CCB516D12CF8000150CB /* AppConfiguration.h */,
				42B2CCB616D12CF8000150CB /* AppConfiguration.m */,
				42B2CD4316D31023000150CB /* RootViewController.h */,
				42B2CD4416D31023000150CB /* RootViewController.m */,
				42B2CD4616D3105F000150CB /* MWDropdownViewController.h */,
				42B2CD4716D3105F000150CB /* MWDropdownViewController.m */,
				42B2CD4916D31093000150CB /* MWMenuViewController.h */,
				42B2CD4A16D31093000150CB /* MWMenuViewController.m */,
				42B2CD4C16D316DD000150CB /* MWMenuCell.h */,
				42B2CD4D16D316DD000150CB /* MWMenuCell.m */,
				42B2CD5316D356B4000150CB /* CaptureViewController.h */,
				42B2CD5416D356B4000150CB /* CaptureViewController.m */,
			);
			path = src;
			sourceTree = "<group>";
		};
		42B2CCAB16D12B75000150CB /* views */ = {
			isa = PBXGroup;
			children = (
				42B2CC8916D12AFE000150CB /* ViewController.xib */,
				42B2CD5116D34C4B000150CB /* rootViewController.xib */,
				42B2CD5616D356CA000150CB /* captureView.xib */,
			);
			path = views;
			sourceTree = "<group>";
		};
		42B2CCB216D12C03000150CB /* third-parties */ = {
			isa = PBXGroup;
			children = (
			);
			path = "third-parties";
			sourceTree = "<group>";
		};
		42B2CCBB16D12DCE000150CB /* dataModel */ = {
			isa = PBXGroup;
			children = (
			);
			path = dataModel;
			sourceTree = "<group>";
		};
		42B2CCBC16D12DCE000150CB /* utils */ = {
			isa = PBXGroup;
			children = (
				42B2CD6916D37DD6000150CB /* Utils.h */,
				42B2CD6A16D37DD6000150CB /* Utils.m */,
			);
			path = utils;
			sourceTree = "<group>";
		};
/* End PBXGroup section */

/* Begin PBXNativeTarget section */
		42B2CC6A16D12AFE000150CB /* Areca */ = {
			isa = PBXNativeTarget;
			buildConfigurationList = 42B2CCA316D12AFE000150CB /* Build configuration list for PBXNativeTarget "Areca" */;
			buildPhases = (
				42B2CC6716D12AFE000150CB /* Sources */,
				42B2CC6816D12AFE000150CB /* Frameworks */,
				42B2CC6916D12AFE000150CB /* Resources */,
			);
			buildRules = (
			);
			dependencies = (
			);
			name = Areca;
			productName = Areca;
			productReference = 42B2CC6B16D12AFE000150CB /* Areca.app */;
			productType = "com.apple.product-type.application";
		};
		42B2CC9016D12AFE000150CB /* ArecaTests */ = {
			isa = PBXNativeTarget;
			buildConfigurationList = 42B2CCA616D12AFE000150CB /* Build configuration list for PBXNativeTarget "ArecaTests" */;
			buildPhases = (
				42B2CC8C16D12AFE000150CB /* Sources */,
				42B2CC8D16D12AFE000150CB /* Frameworks */,
				42B2CC8E16D12AFE000150CB /* Resources */,
				42B2CC8F16D12AFE000150CB /* ShellScript */,
			);
			buildRules = (
			);
			dependencies = (
				42B2CC9716D12AFE000150CB /* PBXTargetDependency */,
			);
			name = ArecaTests;
			productName = ArecaTests;
			productReference = 42B2CC9116D12AFE000150CB /* ArecaTests.octest */;
			productType = "com.apple.product-type.bundle";
		};
/* End PBXNativeTarget section */

/* Begin PBXProject section */
		42B2CC6316D12AFE000150CB /* Project object */ = {
			isa = PBXProject;
			attributes = {
				LastUpgradeCheck = 0460;
				ORGANIZATIONNAME = AVOS;
			};
			buildConfigurationList = 42B2CC6616D12AFE000150CB /* Build configuration list for PBXProject "Areca" */;
			compatibilityVersion = "Xcode 3.2";
			developmentRegion = English;
			hasScannedForEncodings = 0;
			knownRegions = (
				en,
			);
			mainGroup = 42B2CC6216D12AFE000150CB;
			productRefGroup = 42B2CC6C16D12AFE000150CB /* Products */;
			projectDirPath = "";
			projectRoot = "";
			targets = (
				42B2CC6A16D12AFE000150CB /* Areca */,
				42B2CC9016D12AFE000150CB /* ArecaTests */,
			);
		};
/* End PBXProject section */

/* Begin PBXResourcesBuildPhase section */
		42B2CC6916D12AFE000150CB /* Resources */ = {
			isa = PBXResourcesBuildPhase;
			buildActionMask = 2147483647;
			files = (
				42B2CC7916D12AFE000150CB /* InfoPlist.strings in Resources */,
				42B2CC8116D12AFE000150CB /* Default.png in Resources */,
				42B2CC8316D12AFE000150CB /* Default@2x.png in Resources */,
				42B2CC8516D12AFE000150CB /* Default-568h@2x.png in Resources */,
				42B2CC8B16D12AFE000150CB /* ViewController.xib in Resources */,
				42B2CD5016D32397000150CB /* user.png in Resources */,
				42B2CD5216D34C4B000150CB /* rootViewController.xib in Resources */,
				42B2CD5716D356CA000150CB /* captureView.xib in Resources */,
			);
			runOnlyForDeploymentPostprocessing = 0;
		};
		42B2CC8E16D12AFE000150CB /* Resources */ = {
			isa = PBXResourcesBuildPhase;
			buildActionMask = 2147483647;
			files = (
				42B2CC9D16D12AFE000150CB /* InfoPlist.strings in Resources */,
			);
			runOnlyForDeploymentPostprocessing = 0;
		};
/* End PBXResourcesBuildPhase section */

/* Begin PBXShellScriptBuildPhase section */
		42B2CC8F16D12AFE000150CB /* ShellScript */ = {
			isa = PBXShellScriptBuildPhase;
			buildActionMask = 2147483647;
			files = (
			);
			inputPaths = (
			);
			outputPaths = (
			);
			runOnlyForDeploymentPostprocessing = 0;
			shellPath = /bin/sh;
			shellScript = "# Run the unit tests in this test bundle.\n\"${SYSTEM_DEVELOPER_DIR}/Tools/RunUnitTests\"\n";
		};
/* End PBXShellScriptBuildPhase section */

/* Begin PBXSourcesBuildPhase section */
		42B2CC6716D12AFE000150CB /* Sources */ = {
			isa = PBXSourcesBuildPhase;
			buildActionMask = 2147483647;
			files = (
				42B2CC7B16D12AFE000150CB /* main.m in Sources */,
				42B2CCB016D12BCB000150CB /* AppDelegate.m in Sources */,
				42B2CCB116D12BCB000150CB /* ViewController.m in Sources */,
				42B2CCB716D12CF8000150CB /* AppConfiguration.m in Sources */,
				42B2CCBA16D12D4B000150CB /* ArecaDataModel.xcdatamodeld in Sources */,
				42B2CD4516D31023000150CB /* RootViewController.m in Sources */,
				42B2CD4816D31060000150CB /* MWDropdownViewController.m in Sources */,
				42B2CD4B16D31093000150CB /* MWMenuViewController.m in Sources */,
				42B2CD4E16D316DD000150CB /* MWMenuCell.m in Sources */,
				42B2CD5516D356B4000150CB /* CaptureViewController.m in Sources */,
				42B2CD6B16D37DD6000150CB /* Utils.m in Sources */,
			);
			runOnlyForDeploymentPostprocessing = 0;
		};
		42B2CC8C16D12AFE000150CB /* Sources */ = {
			isa = PBXSourcesBuildPhase;
			buildActionMask = 2147483647;
			files = (
				42B2CCA016D12AFE000150CB /* ArecaTests.m in Sources */,
			);
			runOnlyForDeploymentPostprocessing = 0;
		};
/* End PBXSourcesBuildPhase section */

/* Begin PBXTargetDependency section */
		42B2CC9716D12AFE000150CB /* PBXTargetDependency */ = {
			isa = PBXTargetDependency;
			target = 42B2CC6A16D12AFE000150CB /* Areca */;
			targetProxy = 42B2CC9616D12AFE000150CB /* PBXContainerItemProxy */;
		};
/* End PBXTargetDependency section */

/* Begin PBXVariantGroup section */
		42B2CC7716D12AFE000150CB /* InfoPlist.strings */ = {
			isa = PBXVariantGroup;
			children = (
				42B2CC7816D12AFE000150CB /* en */,
			);
			name = InfoPlist.strings;
			sourceTree = "<group>";
		};
		42B2CC8916D12AFE000150CB /* ViewController.xib */ = {
			isa = PBXVariantGroup;
			children = (
				42B2CC8A16D12AFE000150CB /* en */,
			);
			name = ViewController.xib;
			path = ..;
			sourceTree = "<group>";
		};
		42B2CC9B16D12AFE000150CB /* InfoPlist.strings */ = {
			isa = PBXVariantGroup;
			children = (
				42B2CC9C16D12AFE000150CB /* en */,
			);
			name = InfoPlist.strings;
			sourceTree = "<group>";
		};
/* End PBXVariantGroup section */

/* Begin XCBuildConfiguration section */
		42B2CCA116D12AFE000150CB /* Debug */ = {
			isa = XCBuildConfiguration;
			buildSettings = {
				ALWAYS_SEARCH_USER_PATHS = NO;
				CLANG_CXX_LANGUAGE_STANDARD = "gnu++0x";
				CLANG_CXX_LIBRARY = "libc++";
				CLANG_ENABLE_OBJC_ARC = YES;
				CLANG_WARN_CONSTANT_CONVERSION = YES;
				CLANG_WARN_EMPTY_BODY = YES;
				CLANG_WARN_ENUM_CONVERSION = YES;
				CLANG_WARN_INT_CONVERSION = YES;
				CLANG_WARN__DUPLICATE_METHOD_MATCH = YES;
				"CODE_SIGN_IDENTITY[sdk=iphoneos*]" = "iPhone Developer";
				COPY_PHASE_STRIP = NO;
				GCC_C_LANGUAGE_STANDARD = gnu99;
				GCC_DYNAMIC_NO_PIC = NO;
				GCC_OPTIMIZATION_LEVEL = 0;
				GCC_PREPROCESSOR_DEFINITIONS = (
					"DEBUG=1",
					"$(inherited)",
				);
				GCC_SYMBOLS_PRIVATE_EXTERN = NO;
				GCC_WARN_ABOUT_RETURN_TYPE = YES;
				GCC_WARN_UNINITIALIZED_AUTOS = YES;
				GCC_WARN_UNUSED_VARIABLE = YES;
				IPHONEOS_DEPLOYMENT_TARGET = 6.1;
				ONLY_ACTIVE_ARCH = YES;
				SDKROOT = iphoneos;
			};
			name = Debug;
		};
		42B2CCA216D12AFE000150CB /* Release */ = {
			isa = XCBuildConfiguration;
			buildSettings = {
				ALWAYS_SEARCH_USER_PATHS = NO;
				CLANG_CXX_LANGUAGE_STANDARD = "gnu++0x";
				CLANG_CXX_LIBRARY = "libc++";
				CLANG_ENABLE_OBJC_ARC = YES;
				CLANG_WARN_CONSTANT_CONVERSION = YES;
				CLANG_WARN_EMPTY_BODY = YES;
				CLANG_WARN_ENUM_CONVERSION = YES;
				CLANG_WARN_INT_CONVERSION = YES;
				CLANG_WARN__DUPLICATE_METHOD_MATCH = YES;
				"CODE_SIGN_IDENTITY[sdk=iphoneos*]" = "iPhone Developer";
				COPY_PHASE_STRIP = YES;
				GCC_C_LANGUAGE_STANDARD = gnu99;
				GCC_WARN_ABOUT_RETURN_TYPE = YES;
				GCC_WARN_UNINITIALIZED_AUTOS = YES;
				GCC_WARN_UNUSED_VARIABLE = YES;
				IPHONEOS_DEPLOYMENT_TARGET = 6.1;
				OTHER_CFLAGS = "-DNS_BLOCK_ASSERTIONS=1";
				SDKROOT = iphoneos;
				VALIDATE_PRODUCT = YES;
			};
			name = Release;
		};
		42B2CCA416D12AFE000150CB /* Debug */ = {
			isa = XCBuildConfiguration;
			buildSettings = {
				GCC_PRECOMPILE_PREFIX_HEADER = YES;
				GCC_PREFIX_HEADER = "Areca/Areca-Prefix.pch";
				INFOPLIST_FILE = "Areca/Areca-Info.plist";
				IPHONEOS_DEPLOYMENT_TARGET = 5.0;
				PRODUCT_NAME = "$(TARGET_NAME)";
				WRAPPER_EXTENSION = app;
			};
			name = Debug;
		};
		42B2CCA516D12AFE000150CB /* Release */ = {
			isa = XCBuildConfiguration;
			buildSettings = {
				GCC_PRECOMPILE_PREFIX_HEADER = YES;
				GCC_PREFIX_HEADER = "Areca/Areca-Prefix.pch";
				INFOPLIST_FILE = "Areca/Areca-Info.plist";
				IPHONEOS_DEPLOYMENT_TARGET = 5.0;
				PRODUCT_NAME = "$(TARGET_NAME)";
				WRAPPER_EXTENSION = app;
			};
			name = Release;
		};
		42B2CCA716D12AFE000150CB /* Debug */ = {
			isa = XCBuildConfiguration;
			buildSettings = {
				BUNDLE_LOADER = "$(BUILT_PRODUCTS_DIR)/Areca.app/Areca";
				FRAMEWORK_SEARCH_PATHS = (
					"\"$(SDKROOT)/Developer/Library/Frameworks\"",
					"\"$(DEVELOPER_LIBRARY_DIR)/Frameworks\"",
				);
				GCC_PRECOMPILE_PREFIX_HEADER = YES;
				GCC_PREFIX_HEADER = "Areca/Areca-Prefix.pch";
				INFOPLIST_FILE = "ArecaTests/ArecaTests-Info.plist";
				PRODUCT_NAME = "$(TARGET_NAME)";
				TEST_HOST = "$(BUNDLE_LOADER)";
				WRAPPER_EXTENSION = octest;
			};
			name = Debug;
		};
		42B2CCA816D12AFE000150CB /* Release */ = {
			isa = XCBuildConfiguration;
			buildSettings = {
				BUNDLE_LOADER = "$(BUILT_PRODUCTS_DIR)/Areca.app/Areca";
				FRAMEWORK_SEARCH_PATHS = (
					"\"$(SDKROOT)/Developer/Library/Frameworks\"",
					"\"$(DEVELOPER_LIBRARY_DIR)/Frameworks\"",
				);
				GCC_PRECOMPILE_PREFIX_HEADER = YES;
				GCC_PREFIX_HEADER = "Areca/Areca-Prefix.pch";
				INFOPLIST_FILE = "ArecaTests/ArecaTests-Info.plist";
				PRODUCT_NAME = "$(TARGET_NAME)";
				TEST_HOST = "$(BUNDLE_LOADER)";
				WRAPPER_EXTENSION = octest;
			};
			name = Release;
		};
/* End XCBuildConfiguration section */

/* Begin XCConfigurationList section */
		42B2CC6616D12AFE000150CB /* Build configuration list for PBXProject "Areca" */ = {
			isa = XCConfigurationList;
			buildConfigurations = (
				42B2CCA116D12AFE000150CB /* Debug */,
				42B2CCA216D12AFE000150CB /* Release */,
			);
			defaultConfigurationIsVisible = 0;
			defaultConfigurationName = Release;
		};
		42B2CCA316D12AFE000150CB /* Build configuration list for PBXNativeTarget "Areca" */ = {
			isa = XCConfigurationList;
			buildConfigurations = (
				42B2CCA416D12AFE000150CB /* Debug */,
				42B2CCA516D12AFE000150CB /* Release */,
			);
			defaultConfigurationIsVisible = 0;
			defaultConfigurationName = Release;
		};
		42B2CCA616D12AFE000150CB /* Build configuration list for PBXNativeTarget "ArecaTests" */ = {
			isa = XCConfigurationList;
			buildConfigurations = (
				42B2CCA716D12AFE000150CB /* Debug */,
				42B2CCA816D12AFE000150CB /* Release */,
			);
			defaultConfigurationIsVisible = 0;
			defaultConfigurationName = Release;
		};
/* End XCConfigurationList section */

/* Begin XCVersionGroup section */
		42B2CCB816D12D4B000150CB /* ArecaDataModel.xcdatamodeld */ = {
			isa = XCVersionGroup;
			children = (
				42B2CCB916D12D4B000150CB /* ArecaDataModel.xcdatamodel */,
			);
			currentVersion = 42B2CCB916D12D4B000150CB /* ArecaDataModel.xcdatamodel */;
			path = ArecaDataModel.xcdatamodeld;
			sourceTree = "<group>";
			versionGroupType = wrapper.xcdatamodel;
		};
/* End XCVersionGroup section */
	};
	rootObject = 42B2CC6316D12AFE000150CB /* Project object */;
}
